
Microsoft Visual Studio Solution File, Format Version 12.00
# Visual Studio Version 17
VisualStudioVersion = 17.5.002.0
MinimumVisualStudioVersion = 10.0.40219.1
Project("{9A19103F-16F7-4668-BE54-9A1E7A4F7556}") = "hienthiloichao", "hienthiloichao.csproj", "{594EA3E3-5579-4377-AF58-7BB57DC87B8D}"
EndProject
Global
	GlobalSection(SolutionConfigurationPlatforms) = preSolution
		Debug|Any CPU = Debug|Any CPU
		Release|Any CPU = Release|Any CPU
	EndGlobalSection
	GlobalSection(ProjectConfigurationPlatforms) = postSolution
		{594EA3E3-5579-4377-AF58-7BB57DC87B8D}.Debug|Any CPU.ActiveCfg = Debug|Any CPU
		{594EA3E3-5579-4377-AF58-7BB57DC87B8D}.Debug|Any CPU.Build.0 = Debug|Any CPU
		{594EA3E3-5579-4377-AF58-7BB57DC87B8D}.Release|Any CPU.ActiveCfg = Release|Any CPU
		{594EA3E3-5579-4377-AF58-7BB57DC87B8D}.Release|Any CPU.Build.0 = Release|Any CPU
	EndGlobalSection
	GlobalSection(SolutionProperties) = preSolution
		HideSolutionNode = FALSE
	EndGlobalSection
	GlobalSection(ExtensibilityGlobals) = postSolution
		SolutionGuid = {B0C5D8FB-D1EB-43EB-A30B-3ED65F006F96}
	EndGlobalSection
EndGlobal
